
Microsoft Visual Studio Solution File, Format Version 12.00
# Visual Studio 14
VisualStudioVersion = 14.0.25420.1
MinimumVisualStudioVersion = 10.0.40219.1
Project("{FAE04EC0-301F-11D3-BF4B-00C04F79EFBC}") = "1 VEGETABLE BORSE", "1 VEGETABLE BORSE\1 VEGETABLE BORSE.csproj", "{77A51A52-35FA-42A1-858C-61575624908D}"
EndProject
Project("{FAE04EC0-301F-11D3-BF4B-00C04F79EFBC}") = "2 PIPE IN POOL", "2 PIPE IN POOL\2 PIPE IN POOL.csproj", "{F87B0EC1-393D-42CC-BD7A-25AAFCCBB845}"
EndProject
Project("{FAE04EC0-301F-11D3-BF4B-00C04F79EFBC}") = "3 GUIDE", "3 GUIDE\3 GUIDE.csproj", "{4C75F944-9B42-4916-A719-5243DFCD995F}"
EndProject
Project("{FAE04EC0-301F-11D3-BF4B-00C04F79EFBC}") = "4 DIVISION WITHOUT REMAINDER", "4 DIVISION WITHOUT REMAINDER\4 DIVISION WITHOUT REMAINDER.csproj", "{F018D2BF-55E2-4A37-9A13-ADA13250A3D2}"
EndProject
Project("{FAE04EC0-301F-11D3-BF4B-00C04F79EFBC}") = "5 PEPERUDA", "5 PEPERUDA\5 PEPERUDA.csproj", "{E2530E5A-10ED-4284-972C-9078177D728E}"
EndProject
Project("{FAE04EC0-301F-11D3-BF4B-00C04F79EFBC}") = "6 MAGIC NUMBER", "6 MAGIC NUMBER\6 MAGIC NUMBER.csproj", "{7BA89616-7E77-4823-B448-BC55CEA96D10}"
EndProject
Global
	GlobalSection(SolutionConfigurationPlatforms) = preSolution
		Debug|Any CPU = Debug|Any CPU
		Release|Any CPU = Release|Any CPU
	EndGlobalSection
	GlobalSection(ProjectConfigurationPlatforms) = postSolution
		{77A51A52-35FA-42A1-858C-61575624908D}.Debug|Any CPU.ActiveCfg = Debug|Any CPU
		{77A51A52-35FA-42A1-858C-61575624908D}.Debug|Any CPU.Build.0 = Debug|Any CPU
		{77A51A52-35FA-42A1-858C-61575624908D}.Release|Any CPU.ActiveCfg = Release|Any CPU
		{77A51A52-35FA-42A1-858C-61575624908D}.Release|Any CPU.Build.0 = Release|Any CPU
		{F87B0EC1-393D-42CC-BD7A-25AAFCCBB845}.Debug|Any CPU.ActiveCfg = Debug|Any CPU
		{F87B0EC1-393D-42CC-BD7A-25AAFCCBB845}.Debug|Any CPU.Build.0 = Debug|Any CPU
		{F87B0EC1-393D-42CC-BD7A-25AAFCCBB845}.Release|Any CPU.ActiveCfg = Release|Any CPU
		{F87B0EC1-393D-42CC-BD7A-25AAFCCBB845}.Release|Any CPU.Build.0 = Release|Any CPU
		{4C75F944-9B42-4916-A719-5243DFCD995F}.Debug|Any CPU.ActiveCfg = Debug|Any CPU
		{4C75F944-9B42-4916-A719-5243DFCD995F}.Debug|Any CPU.Build.0 = Debug|Any CPU
		{4C75F944-9B42-4916-A719-5243DFCD995F}.Release|Any CPU.ActiveCfg = Release|Any CPU
		{4C75F944-9B42-4916-A719-5243DFCD995F}.Release|Any CPU.Build.0 = Release|Any CPU
		{F018D2BF-55E2-4A37-9A13-ADA13250A3D2}.Debug|Any CPU.ActiveCfg = Debug|Any CPU
		{F018D2BF-55E2-4A37-9A13-ADA13250A3D2}.Debug|Any CPU.Build.0 = Debug|Any CPU
		{F018D2BF-55E2-4A37-9A13-ADA13250A3D2}.Release|Any CPU.ActiveCfg = Release|Any CPU
		{F018D2BF-55E2-4A37-9A13-ADA13250A3D2}.Release|Any CPU.Build.0 = Release|Any CPU
		{E2530E5A-10ED-4284-972C-9078177D728E}.Debug|Any CPU.ActiveCfg = Debug|Any CPU
		{E2530E5A-10ED-4284-972C-9078177D728E}.Debug|Any CPU.Build.0 = Debug|Any CPU
		{E2530E5A-10ED-4284-972C-9078177D728E}.Release|Any CPU.ActiveCfg = Release|Any CPU
		{E2530E5A-10ED-4284-972C-9078177D728E}.Release|Any CPU.Build.0 = Release|Any CPU
		{7BA89616-7E77-4823-B448-BC55CEA96D10}.Debug|Any CPU.ActiveCfg = Debug|Any CPU
		{7BA89616-7E77-4823-B448-BC55CEA96D10}.Debug|Any CPU.Build.0 = Debug|Any CPU
		{7BA89616-7E77-4823-B448-BC55CEA96D10}.Release|Any CPU.ActiveCfg = Release|Any CPU
		{7BA89616-7E77-4823-B448-BC55CEA96D10}.Release|Any CPU.Build.0 = Release|Any CPU
	EndGlobalSection
	GlobalSection(SolutionProperties) = preSolution
		HideSolutionNode = FALSE
	EndGlobalSection
EndGlobal
