
Microsoft Visual Studio Solution File, Format Version 12.00
# Visual Studio 15
VisualStudioVersion = 15.0.27428.2043
MinimumVisualStudioVersion = 10.0.40219.1
Project("{FAE04EC0-301F-11D3-BF4B-00C04F79EFBC}") = "19_Histogram", "19_Histogram\19_Histogram.csproj", "{5F573259-046E-4DBA-A143-506D3FEF580A}"
EndProject
Project("{FAE04EC0-301F-11D3-BF4B-00C04F79EFBC}") = "21_Division", "21_Division\21_Division.csproj", "{3A89E4B1-16AF-4112-AF10-98DB7E73E5D7}"
EndProject
Project("{FAE04EC0-301F-11D3-BF4B-00C04F79EFBC}") = "22_Lili", "22_Lili\22_Lili.csproj", "{8A3402D5-EE6D-4E2F-94A4-5EB91736E928}"
EndProject
Global
	GlobalSection(SolutionConfigurationPlatforms) = preSolution
		Debug|Any CPU = Debug|Any CPU
		Release|Any CPU = Release|Any CPU
	EndGlobalSection
	GlobalSection(ProjectConfigurationPlatforms) = postSolution
		{5F573259-046E-4DBA-A143-506D3FEF580A}.Debug|Any CPU.ActiveCfg = Debug|Any CPU
		{5F573259-046E-4DBA-A143-506D3FEF580A}.Debug|Any CPU.Build.0 = Debug|Any CPU
		{5F573259-046E-4DBA-A143-506D3FEF580A}.Release|Any CPU.ActiveCfg = Release|Any CPU
		{5F573259-046E-4DBA-A143-506D3FEF580A}.Release|Any CPU.Build.0 = Release|Any CPU
		{3A89E4B1-16AF-4112-AF10-98DB7E73E5D7}.Debug|Any CPU.ActiveCfg = Debug|Any CPU
		{3A89E4B1-16AF-4112-AF10-98DB7E73E5D7}.Debug|Any CPU.Build.0 = Debug|Any CPU
		{3A89E4B1-16AF-4112-AF10-98DB7E73E5D7}.Release|Any CPU.ActiveCfg = Release|Any CPU
		{3A89E4B1-16AF-4112-AF10-98DB7E73E5D7}.Release|Any CPU.Build.0 = Release|Any CPU
		{8A3402D5-EE6D-4E2F-94A4-5EB91736E928}.Debug|Any CPU.ActiveCfg = Debug|Any CPU
		{8A3402D5-EE6D-4E2F-94A4-5EB91736E928}.Debug|Any CPU.Build.0 = Debug|Any CPU
		{8A3402D5-EE6D-4E2F-94A4-5EB91736E928}.Release|Any CPU.ActiveCfg = Release|Any CPU
		{8A3402D5-EE6D-4E2F-94A4-5EB91736E928}.Release|Any CPU.Build.0 = Release|Any CPU
	EndGlobalSection
	GlobalSection(SolutionProperties) = preSolution
		HideSolutionNode = FALSE
	EndGlobalSection
	GlobalSection(ExtensibilityGlobals) = postSolution
		SolutionGuid = {D230B372-AD06-4337-84BE-F17FE0869BA7}
	EndGlobalSection
EndGlobal
