
Microsoft Visual Studio Solution File, Format Version 12.00
# Visual Studio 14
VisualStudioVersion = 14.0.25420.1
MinimumVisualStudioVersion = 10.0.40219.1
Project("{FAE04EC0-301F-11D3-BF4B-00C04F79EFBC}") = "1 MONEY", "1 MONEY\1 MONEY.csproj", "{79ED34DA-7C0D-482D-A409-AF073A9100FF}"
EndProject
Project("{FAE04EC0-301F-11D3-BF4B-00C04F79EFBC}") = "2 HARVEST", "2 HARVEST\2 HARVEST.csproj", "{559143D3-BCDF-480A-9243-7198663D9C60}"
EndProject
Project("{FAE04EC0-301F-11D3-BF4B-00C04F79EFBC}") = "3 MACH TICKETS", "3 MACH TICKETS\3 MACH TICKETS.csproj", "{055B7BFC-58E6-4D54-B970-A45D29403E56}"
EndProject
Project("{FAE04EC0-301F-11D3-BF4B-00C04F79EFBC}") = "4 BACK TO THE PAST", "4 BACK TO THE PAST\4 BACK TO THE PAST.csproj", "{59BDB75C-95DA-4386-8165-5E0E3FA8C5A1}"
EndProject
Project("{FAE04EC0-301F-11D3-BF4B-00C04F79EFBC}") = "5 DIAMOND", "5 DIAMOND\5 DIAMOND.csproj", "{BCC68662-B838-4ABB-951B-74156094C48F}"
EndProject
Project("{FAE04EC0-301F-11D3-BF4B-00C04F79EFBC}") = "6 STOP NUMBER", "6 STOP NUMBER\6 STOP NUMBER.csproj", "{827C8849-9398-4BF1-9A3B-D43186D4FA39}"
EndProject
Global
	GlobalSection(SolutionConfigurationPlatforms) = preSolution
		Debug|Any CPU = Debug|Any CPU
		Release|Any CPU = Release|Any CPU
	EndGlobalSection
	GlobalSection(ProjectConfigurationPlatforms) = postSolution
		{79ED34DA-7C0D-482D-A409-AF073A9100FF}.Debug|Any CPU.ActiveCfg = Debug|Any CPU
		{79ED34DA-7C0D-482D-A409-AF073A9100FF}.Debug|Any CPU.Build.0 = Debug|Any CPU
		{79ED34DA-7C0D-482D-A409-AF073A9100FF}.Release|Any CPU.ActiveCfg = Release|Any CPU
		{79ED34DA-7C0D-482D-A409-AF073A9100FF}.Release|Any CPU.Build.0 = Release|Any CPU
		{559143D3-BCDF-480A-9243-7198663D9C60}.Debug|Any CPU.ActiveCfg = Debug|Any CPU
		{559143D3-BCDF-480A-9243-7198663D9C60}.Debug|Any CPU.Build.0 = Debug|Any CPU
		{559143D3-BCDF-480A-9243-7198663D9C60}.Release|Any CPU.ActiveCfg = Release|Any CPU
		{559143D3-BCDF-480A-9243-7198663D9C60}.Release|Any CPU.Build.0 = Release|Any CPU
		{055B7BFC-58E6-4D54-B970-A45D29403E56}.Debug|Any CPU.ActiveCfg = Debug|Any CPU
		{055B7BFC-58E6-4D54-B970-A45D29403E56}.Debug|Any CPU.Build.0 = Debug|Any CPU
		{055B7BFC-58E6-4D54-B970-A45D29403E56}.Release|Any CPU.ActiveCfg = Release|Any CPU
		{055B7BFC-58E6-4D54-B970-A45D29403E56}.Release|Any CPU.Build.0 = Release|Any CPU
		{59BDB75C-95DA-4386-8165-5E0E3FA8C5A1}.Debug|Any CPU.ActiveCfg = Debug|Any CPU
		{59BDB75C-95DA-4386-8165-5E0E3FA8C5A1}.Debug|Any CPU.Build.0 = Debug|Any CPU
		{59BDB75C-95DA-4386-8165-5E0E3FA8C5A1}.Release|Any CPU.ActiveCfg = Release|Any CPU
		{59BDB75C-95DA-4386-8165-5E0E3FA8C5A1}.Release|Any CPU.Build.0 = Release|Any CPU
		{BCC68662-B838-4ABB-951B-74156094C48F}.Debug|Any CPU.ActiveCfg = Debug|Any CPU
		{BCC68662-B838-4ABB-951B-74156094C48F}.Debug|Any CPU.Build.0 = Debug|Any CPU
		{BCC68662-B838-4ABB-951B-74156094C48F}.Release|Any CPU.ActiveCfg = Release|Any CPU
		{BCC68662-B838-4ABB-951B-74156094C48F}.Release|Any CPU.Build.0 = Release|Any CPU
		{827C8849-9398-4BF1-9A3B-D43186D4FA39}.Debug|Any CPU.ActiveCfg = Debug|Any CPU
		{827C8849-9398-4BF1-9A3B-D43186D4FA39}.Debug|Any CPU.Build.0 = Debug|Any CPU
		{827C8849-9398-4BF1-9A3B-D43186D4FA39}.Release|Any CPU.ActiveCfg = Release|Any CPU
		{827C8849-9398-4BF1-9A3B-D43186D4FA39}.Release|Any CPU.Build.0 = Release|Any CPU
	EndGlobalSection
	GlobalSection(SolutionProperties) = preSolution
		HideSolutionNode = FALSE
	EndGlobalSection
EndGlobal
